
Microsoft Visual Studio Solution File, Format Version 12.00
# Visual Studio 15
VisualStudioVersion = 15.0.27703.2018
MinimumVisualStudioVersion = 10.0.40219.1
Project("{FAE04EC0-301F-11D3-BF4B-00C04F79EFBC}") = "JeuTuerMonstres", "JeuTuerMonstres\JeuTuerMonstres.csproj", "{D56E36D4-7428-40C3-8B20-5DD78907A73E}"
EndProject
Global
	GlobalSection(SolutionConfigurationPlatforms) = preSolution
		Debug|Any CPU = Debug|Any CPU
		Release|Any CPU = Release|Any CPU
	EndGlobalSection
	GlobalSection(ProjectConfigurationPlatforms) = postSolution
		{D56E36D4-7428-40C3-8B20-5DD78907A73E}.Debug|Any CPU.ActiveCfg = Debug|Any CPU
		{D56E36D4-7428-40C3-8B20-5DD78907A73E}.Debug|Any CPU.Build.0 = Debug|Any CPU
		{D56E36D4-7428-40C3-8B20-5DD78907A73E}.Release|Any CPU.ActiveCfg = Release|Any CPU
		{D56E36D4-7428-40C3-8B20-5DD78907A73E}.Release|Any CPU.Build.0 = Release|Any CPU
	EndGlobalSection
	GlobalSection(SolutionProperties) = preSolution
		HideSolutionNode = FALSE
	EndGlobalSection
	GlobalSection(ExtensibilityGlobals) = postSolution
		SolutionGuid = {6C163A3C-EC7A-4496-B0CF-E273A0663329}
	EndGlobalSection
EndGlobal
